
Microsoft Visual Studio Solution File, Format Version 12.00
# Visual Studio 15
Project("{FAE04EC0-301F-11D3-BF4B-00C04F79EFBC}") = "Playing_With_Variables", "Playing_With_Variables\Playing_With_Variables.csproj", "{D6CA5162-2986-4158-B464-869CF31B3615}"
EndProject
Global
	GlobalSection(SolutionConfigurationPlatforms) = preSolution
		Debug|Any CPU = Debug|Any CPU
		Release|Any CPU = Release|Any CPU
	EndGlobalSection
	GlobalSection(ProjectConfigurationPlatforms) = postSolution
		{D6CA5162-2986-4158-B464-869CF31B3615}.Debug|Any CPU.ActiveCfg = Debug|Any CPU
		{D6CA5162-2986-4158-B464-869CF31B3615}.Debug|Any CPU.Build.0 = Debug|Any CPU
		{D6CA5162-2986-4158-B464-869CF31B3615}.Release|Any CPU.ActiveCfg = Release|Any CPU
		{D6CA5162-2986-4158-B464-869CF31B3615}.Release|Any CPU.Build.0 = Release|Any CPU
	EndGlobalSection
EndGlobal
